<?xml version="1.0" encoding="utf-8"?>
<Project ToolsVersion="4.0" xmlns="http://schemas.microsoft.com/developer/msbuild/2003">
  <ItemGroup>
    <Filter Include="Source Files">
      <UniqueIdentifier>{4FC737F1-C7A5-4376-A066-2A32D752A2FF}</UniqueIdentifier>
      <Extensions>cpp;c;cc;cxx;def;odl;idl;hpj;bat;asm;asmx</Extensions>
    </Filter>
    <Filter Include="Header Files">
      <UniqueIdentifier>{93995380-89BD-4b04-88EB-625FBE52EBFB}</UniqueIdentifier>
      <Extensions>h;hh;hpp;hxx;hm;inl;inc;xsd</Extensions>
    </Filter>
    <Filter Include="Resource Files">
      <UniqueIdentifier>{67DA6AB6-F800-4c08-8B7A-83BB121AAD01}</UniqueIdentifier>
      <Extensions>rc;ico;cur;bmp;dlg;rc2;rct;bin;rgs;gif;jpg;jpeg;jpe;resx;tiff;tif;png;wav;mfcribbon-ms</Extensions>
    </Filter>
    <Filter Include="Source Files\service">
      <UniqueIdentifier>{1695b4ca-447d-4b31-acf3-3261aa8c2587}</UniqueIdentifier>
    </Filter>
    <Filter Include="Source Files\peripherals">
      <UniqueIdentifier>{91870c94-b54a-4db1-9fb4-3bde58884b71}</UniqueIdentifier>
    </Filter>
    <Filter Include="Source Files\database">
      <UniqueIdentifier>{d3cc7262-d02a-4031-b0ee-cafe9cf13e47}</UniqueIdentifier>
    </Filter>
    <Filter Include="Source Files\service\socket">
      <UniqueIdentifier>{2f85a8df-ec32-4dfe-bd27-9dfcacdd6c00}</UniqueIdentifier>
    </Filter>
    <Filter Include="Source Files\peripherals\plc">
      <UniqueIdentifier>{54c51a35-1b50-4bf2-96fb-0ea7df1fc9c8}</UniqueIdentifier>
    </Filter>
    <Filter Include="Source Files\device">
      <UniqueIdentifier>{5bf0516f-805d-4727-be74-5c767c12dba4}</UniqueIdentifier>
    </Filter>
    <Filter Include="Source Files\device\plc">
      <UniqueIdentifier>{9cccc80c-16ad-45ca-a72c-31a09e96e4d4}</UniqueIdentifier>
    </Filter>
    <Filter Include="Source Files\service\scan">
      <UniqueIdentifier>{25cb1fdd-10ef-42b8-a3f5-b77cfbd97425}</UniqueIdentifier>
    </Filter>
    <Filter Include="Source Files\service\client">
      <UniqueIdentifier>{32d9738c-6c19-4cce-9b46-528459d6cc91}</UniqueIdentifier>
    </Filter>
    <Filter Include="Source Files\service\client\commands">
      <UniqueIdentifier>{efb41bc0-aefd-4ba1-ba12-581a9ca2b9c7}</UniqueIdentifier>
    </Filter>
    <Filter Include="Source Files\service\client\messages">
      <UniqueIdentifier>{4582566e-107d-4c2d-bf6f-d87e3cb424ca}</UniqueIdentifier>
    </Filter>
  </ItemGroup>
  <ItemGroup>
    <ClCompile Include="src\main.cpp">
      <Filter>Source Files</Filter>
    </ClCompile>
    <ClCompile Include="src\dmcServer.cpp">
      <Filter>Source Files</Filter>
    </ClCompile>
    <ClCompile Include="src\service\socket\socketMgr.cpp">
      <Filter>Source Files\service\socket</Filter>
    </ClCompile>
    <ClCompile Include="src\service\socket\serverSocket.cpp">
      <Filter>Source Files\service\socket</Filter>
    </ClCompile>
    <ClCompile Include="src\service\lanService.cpp">
      <Filter>Source Files\service</Filter>
    </ClCompile>
    <ClCompile Include="src\peripherals\plc\serialWin32.cpp">
      <Filter>Source Files\peripherals\plc</Filter>
    </ClCompile>
    <ClCompile Include="src\peripherals\plc\plcDriver.cpp">
      <Filter>Source Files\peripherals\plc</Filter>
    </ClCompile>
    <ClCompile Include="src\service\message.cpp">
      <Filter>Source Files\service</Filter>
    </ClCompile>
    <ClCompile Include="src\peripherals\plc\SerialLinux.cpp">
      <Filter>Source Files\peripherals\plc</Filter>
    </ClCompile>
    <ClCompile Include="src\device\plc\dmcDevice.cpp">
      <Filter>Source Files\device\plc</Filter>
    </ClCompile>
    <ClCompile Include="src\device\deviceMgr.cpp">
      <Filter>Source Files\device</Filter>
    </ClCompile>
    <ClCompile Include="src\service\command.cpp">
      <Filter>Source Files\service</Filter>
    </ClCompile>
    <ClCompile Include="src\device\plc\dmcCommand.cpp">
      <Filter>Source Files\device\plc</Filter>
    </ClCompile>
    <ClCompile Include="src\service\scan\deviceScanner.cpp">
      <Filter>Source Files\service\scan</Filter>
    </ClCompile>
    <ClCompile Include="src\service\client\client.cpp">
      <Filter>Source Files\service\client</Filter>
    </ClCompile>
    <ClCompile Include="src\service\client\commands\scanCommand.cpp">
      <Filter>Source Files\service\client\commands</Filter>
    </ClCompile>
    <ClCompile Include="src\service\client\messages\newDeviceMsg.cpp">
      <Filter>Source Files\service\client\messages</Filter>
    </ClCompile>
  </ItemGroup>
  <ItemGroup>
    <ClInclude Include="src\dmcServer.h">
      <Filter>Source Files</Filter>
    </ClInclude>
    <ClInclude Include="src\service\lanService.h">
      <Filter>Source Files\service</Filter>
    </ClInclude>
    <ClInclude Include="src\service\socket\serverSocket.h">
      <Filter>Source Files\service\socket</Filter>
    </ClInclude>
    <ClInclude Include="src\service\socket\socketMgr.h">
      <Filter>Source Files\service\socket</Filter>
    </ClInclude>
    <ClInclude Include="src\peripherals\plc\serial.h">
      <Filter>Source Files\peripherals\plc</Filter>
    </ClInclude>
    <ClInclude Include="src\peripherals\plc\serialWin32.h">
      <Filter>Source Files\peripherals\plc</Filter>
    </ClInclude>
    <ClInclude Include="src\peripherals\plc\plcDriver.h">
      <Filter>Source Files\peripherals\plc</Filter>
    </ClInclude>
    <ClInclude Include="src\service\message.h">
      <Filter>Source Files\service</Filter>
    </ClInclude>
    <ClInclude Include="src\device\deviceMgr.h">
      <Filter>Source Files\device</Filter>
    </ClInclude>
    <ClInclude Include="src\device\device.h">
      <Filter>Source Files\device</Filter>
    </ClInclude>
    <ClInclude Include="src\service\command.h">
      <Filter>Source Files\service</Filter>
    </ClInclude>
    <ClInclude Include="src\peripherals\plc\SerialLinux.h">
      <Filter>Source Files\peripherals\plc</Filter>
    </ClInclude>
    <ClInclude Include="src\device\plc\dmcDevice.h">
      <Filter>Source Files\device\plc</Filter>
    </ClInclude>
    <ClInclude Include="src\device\plc\dmcCommand.h">
      <Filter>Source Files\device\plc</Filter>
    </ClInclude>
    <ClInclude Include="src\service\scan\deviceScanner.h">
      <Filter>Source Files\service\scan</Filter>
    </ClInclude>
    <ClInclude Include="src\service\client\client.h">
      <Filter>Source Files\service\client</Filter>
    </ClInclude>
    <ClInclude Include="src\service\client\commands\scanCommand.h">
      <Filter>Source Files\service\client\commands</Filter>
    </ClInclude>
    <ClInclude Include="src\service\client\messages\newDeviceMsg.h">
      <Filter>Source Files\service\client\messages</Filter>
    </ClInclude>
  </ItemGroup>
  <ItemGroup>
    <None Include="ClassDiagram.cd" />
  </ItemGroup>
</Project>